
Microsoft Visual Studio Solution File, Format Version 12.00
# Visual Studio 14
VisualStudioVersion = 14.0.23107.0
MinimumVisualStudioVersion = 10.0.40219.1
Project("{FAE04EC0-301F-11D3-BF4B-00C04F79EFBC}") = "CP220_ASYNC_P1", "CP220_ASYNC_P1\CP220_ASYNC_P1.csproj", "{464DA96C-1474-48DF-8E5E-C1A678CE1862}"
EndProject
Project("{FAE04EC0-301F-11D3-BF4B-00C04F79EFBC}") = "CP220_ASYNC_P2", "CP220_ASYNC_P2\CP220_ASYNC_P2.csproj", "{C8B89CCE-50E1-4C46-B327-436C2CD123BD}"
EndProject
Global
	GlobalSection(SolutionConfigurationPlatforms) = preSolution
		Debug|Any CPU = Debug|Any CPU
		Release|Any CPU = Release|Any CPU
	EndGlobalSection
	GlobalSection(ProjectConfigurationPlatforms) = postSolution
		{464DA96C-1474-48DF-8E5E-C1A678CE1862}.Debug|Any CPU.ActiveCfg = Debug|Any CPU
		{464DA96C-1474-48DF-8E5E-C1A678CE1862}.Debug|Any CPU.Build.0 = Debug|Any CPU
		{464DA96C-1474-48DF-8E5E-C1A678CE1862}.Release|Any CPU.ActiveCfg = Release|Any CPU
		{464DA96C-1474-48DF-8E5E-C1A678CE1862}.Release|Any CPU.Build.0 = Release|Any CPU
		{C8B89CCE-50E1-4C46-B327-436C2CD123BD}.Debug|Any CPU.ActiveCfg = Debug|Any CPU
		{C8B89CCE-50E1-4C46-B327-436C2CD123BD}.Debug|Any CPU.Build.0 = Debug|Any CPU
		{C8B89CCE-50E1-4C46-B327-436C2CD123BD}.Release|Any CPU.ActiveCfg = Release|Any CPU
		{C8B89CCE-50E1-4C46-B327-436C2CD123BD}.Release|Any CPU.Build.0 = Release|Any CPU
	EndGlobalSection
	GlobalSection(SolutionProperties) = preSolution
		HideSolutionNode = FALSE
	EndGlobalSection
EndGlobal
